
Microsoft Visual Studio Solution File, Format Version 12.00
# Visual Studio 2012
VisualStudioVersion = 14.0.24720.0
MinimumVisualStudioVersion = 10.0.40219.1
Project("{FAE04EC0-301F-11D3-BF4B-00C04F79EFBC}") = "git.jrowberg.bglib", "git.jrowberg.bglib\git.jrowberg.bglib.csproj", "{2B935AC1-E43B-459C-9163-B24A2E01637D}"
EndProject
Project("{FAE04EC0-301F-11D3-BF4B-00C04F79EFBC}") = "git.jedinja.monomyo", "git.jedinja.monomyo\git.jedinja.monomyo.csproj", "{6889041D-D7D0-41C7-B450-2B6D6417D903}"
EndProject
Project("{FAE04EC0-301F-11D3-BF4B-00C04F79EFBC}") = "ConsoleMyo", "ConsoleMyo\ConsoleMyo.csproj", "{AA8133FD-9162-434D-8A28-89DD1211ED0A}"
EndProject
Global
	GlobalSection(SolutionConfigurationPlatforms) = preSolution
		Debug|Any CPU = Debug|Any CPU
		Debug|x86 = Debug|x86
		Release|Any CPU = Release|Any CPU
		Release|x86 = Release|x86
	EndGlobalSection
	GlobalSection(ProjectConfigurationPlatforms) = postSolution
		{2B935AC1-E43B-459C-9163-B24A2E01637D}.Debug|Any CPU.ActiveCfg = Debug|Any CPU
		{2B935AC1-E43B-459C-9163-B24A2E01637D}.Debug|Any CPU.Build.0 = Debug|Any CPU
		{2B935AC1-E43B-459C-9163-B24A2E01637D}.Debug|x86.ActiveCfg = Debug|Any CPU
		{2B935AC1-E43B-459C-9163-B24A2E01637D}.Debug|x86.Build.0 = Debug|Any CPU
		{2B935AC1-E43B-459C-9163-B24A2E01637D}.Release|Any CPU.ActiveCfg = Release|Any CPU
		{2B935AC1-E43B-459C-9163-B24A2E01637D}.Release|Any CPU.Build.0 = Release|Any CPU
		{2B935AC1-E43B-459C-9163-B24A2E01637D}.Release|x86.ActiveCfg = Release|Any CPU
		{2B935AC1-E43B-459C-9163-B24A2E01637D}.Release|x86.Build.0 = Release|Any CPU
		{6889041D-D7D0-41C7-B450-2B6D6417D903}.Debug|Any CPU.ActiveCfg = Debug|Any CPU
		{6889041D-D7D0-41C7-B450-2B6D6417D903}.Debug|Any CPU.Build.0 = Debug|Any CPU
		{6889041D-D7D0-41C7-B450-2B6D6417D903}.Debug|x86.ActiveCfg = Debug|Any CPU
		{6889041D-D7D0-41C7-B450-2B6D6417D903}.Debug|x86.Build.0 = Debug|Any CPU
		{6889041D-D7D0-41C7-B450-2B6D6417D903}.Release|Any CPU.ActiveCfg = Release|Any CPU
		{6889041D-D7D0-41C7-B450-2B6D6417D903}.Release|Any CPU.Build.0 = Release|Any CPU
		{6889041D-D7D0-41C7-B450-2B6D6417D903}.Release|x86.ActiveCfg = Release|Any CPU
		{6889041D-D7D0-41C7-B450-2B6D6417D903}.Release|x86.Build.0 = Release|Any CPU
		{AA8133FD-9162-434D-8A28-89DD1211ED0A}.Debug|Any CPU.ActiveCfg = Debug|Any CPU
		{AA8133FD-9162-434D-8A28-89DD1211ED0A}.Debug|Any CPU.Build.0 = Debug|Any CPU
		{AA8133FD-9162-434D-8A28-89DD1211ED0A}.Debug|x86.ActiveCfg = Debug|Any CPU
		{AA8133FD-9162-434D-8A28-89DD1211ED0A}.Debug|x86.Build.0 = Debug|Any CPU
		{AA8133FD-9162-434D-8A28-89DD1211ED0A}.Release|Any CPU.ActiveCfg = Release|Any CPU
		{AA8133FD-9162-434D-8A28-89DD1211ED0A}.Release|Any CPU.Build.0 = Release|Any CPU
		{AA8133FD-9162-434D-8A28-89DD1211ED0A}.Release|x86.ActiveCfg = Release|Any CPU
		{AA8133FD-9162-434D-8A28-89DD1211ED0A}.Release|x86.Build.0 = Release|Any CPU
	EndGlobalSection
	GlobalSection(MonoDevelopProperties) = preSolution
		Policies = $0
		$0.TextStylePolicy = $1
		$1.inheritsSet = null
		$1.scope = text/x-csharp
		$0.CSharpFormattingPolicy = $2
		$2.StatementBraceStyle = NextLine
		$2.ElseNewLinePlacement = NewLine
		$2.AfterDelegateDeclarationParameterComma = True
		$2.BeforeSizeOfParentheses = True
		$2.SpacesBeforeBrackets = False
		$2.SpacesAfterTypecast = True
		$2.BlankLinesBetweenMembers = 0
		$2.inheritsSet = Mono
		$2.inheritsScope = text/x-csharp
		$2.scope = text/x-csharp
		$0.TextStylePolicy = $3
		$3.FileWidth = 120
		$3.inheritsSet = Mono
		$3.inheritsScope = text/plain
		$3.scope = text/plain
	EndGlobalSection
	GlobalSection(SolutionProperties) = preSolution
		HideSolutionNode = FALSE
	EndGlobalSection
EndGlobal
